
Microsoft Visual Studio Solution File, Format Version 12.00
# Visual Studio Version 16
VisualStudioVersion = 16.0.31624.102
MinimumVisualStudioVersion = 10.0.40219.1
Project("{FAE04EC0-301F-11D3-BF4B-00C04F79EFBC}") = "Web_953501_Skavarodnik", "Web_953501_Skavarodnik\Web_953501_Skavarodnik.csproj", "{0940DA8F-DFC8-4B1C-9900-59AF3D16DFB4}"
EndProject
Global
	GlobalSection(SolutionConfigurationPlatforms) = preSolution
		Debug|Any CPU = Debug|Any CPU
		Release|Any CPU = Release|Any CPU
	EndGlobalSection
	GlobalSection(ProjectConfigurationPlatforms) = postSolution
		{0940DA8F-DFC8-4B1C-9900-59AF3D16DFB4}.Debug|Any CPU.ActiveCfg = Debug|Any CPU
		{0940DA8F-DFC8-4B1C-9900-59AF3D16DFB4}.Debug|Any CPU.Build.0 = Debug|Any CPU
		{0940DA8F-DFC8-4B1C-9900-59AF3D16DFB4}.Release|Any CPU.ActiveCfg = Release|Any CPU
		{0940DA8F-DFC8-4B1C-9900-59AF3D16DFB4}.Release|Any CPU.Build.0 = Release|Any CPU
	EndGlobalSection
	GlobalSection(SolutionProperties) = preSolution
		HideSolutionNode = FALSE
	EndGlobalSection
	GlobalSection(ExtensibilityGlobals) = postSolution
		SolutionGuid = {3DD3B1F9-9633-48CD-BA89-1B6DEC03AC5F}
	EndGlobalSection
EndGlobal
